Microsoft Visual Studio Solution File, Format Version 11.00
# Visual Studio 2008

Project("{67A97A79-7A6D-C7B7-92D3-A5D0FB31C3A9}") = "UnityGroupProject", "Assembly-CSharp-firstpass.csproj", "{27CFCA7D-0648-FE2B-7768-5E00CE751E05}"
EndProject
Project("{67A97A79-7A6D-C7B7-92D3-A5D0FB31C3A9}") = "UnityGroupProject", "Assembly-CSharp.csproj", "{ECCDDA6D-7171-B0A6-8458-44121D4FF23B}"
EndProject
Project("{67A97A79-7A6D-C7B7-92D3-A5D0FB31C3A9}") = "UnityGroupProject", "Assembly-CSharp-Editor.csproj", "{831E74F1-308C-A3DD-E90D-B67844C9A03A}"
EndProject
Global
	GlobalSection(SolutionConfigurationPlatforms) = preSolution
		Debug|Any CPU = Debug|Any CPU
		Release|Any CPU = Release|Any CPU
	EndGlobalSection
	GlobalSection(ProjectConfigurationPlatforms) = postSolution
		{27CFCA7D-0648-FE2B-7768-5E00CE751E05}.Debug|Any CPU.ActiveCfg = Debug|Any CPU
		{27CFCA7D-0648-FE2B-7768-5E00CE751E05}.Debug|Any CPU.Build.0 = Debug|Any CPU
		{27CFCA7D-0648-FE2B-7768-5E00CE751E05}.Release|Any CPU.ActiveCfg = Release|Any CPU
		{27CFCA7D-0648-FE2B-7768-5E00CE751E05}.Release|Any CPU.Build.0 = Release|Any CPU
		{ECCDDA6D-7171-B0A6-8458-44121D4FF23B}.Debug|Any CPU.ActiveCfg = Debug|Any CPU
		{ECCDDA6D-7171-B0A6-8458-44121D4FF23B}.Debug|Any CPU.Build.0 = Debug|Any CPU
		{ECCDDA6D-7171-B0A6-8458-44121D4FF23B}.Release|Any CPU.ActiveCfg = Release|Any CPU
		{ECCDDA6D-7171-B0A6-8458-44121D4FF23B}.Release|Any CPU.Build.0 = Release|Any CPU
		{831E74F1-308C-A3DD-E90D-B67844C9A03A}.Debug|Any CPU.ActiveCfg = Debug|Any CPU
		{831E74F1-308C-A3DD-E90D-B67844C9A03A}.Debug|Any CPU.Build.0 = Debug|Any CPU
		{831E74F1-308C-A3DD-E90D-B67844C9A03A}.Release|Any CPU.ActiveCfg = Release|Any CPU
		{831E74F1-308C-A3DD-E90D-B67844C9A03A}.Release|Any CPU.Build.0 = Release|Any CPU
	EndGlobalSection
	GlobalSection(SolutionProperties) = preSolution
		HideSolutionNode = FALSE
	EndGlobalSection
	GlobalSection(MonoDevelopProperties) = preSolution
		StartupItem = Assembly-CSharp.csproj
	EndGlobalSection
EndGlobal
